
Microsoft Visual Studio Solution File, Format Version 12.00
# Visual Studio Version 17
VisualStudioVersion = 17.11.35327.3
MinimumVisualStudioVersion = 10.0.40219.1
Project("{9A19103F-16F7-4668-BE54-9A1E7A4F7556}") = "MercadoApp", "MercadoApp.csproj", "{BD79EA57-372B-4EEA-8923-6F626BF8781A}"
EndProject
Project("{9A19103F-16F7-4668-BE54-9A1E7A4F7556}") = "MercadoApp.Entities", "..\MercadoApp.Entities\MercadoApp.Entities.csproj", "{1FD3354B-99F1-4C12-931C-4987E37AC78F}"
EndProject
Project("{9A19103F-16F7-4668-BE54-9A1E7A4F7556}") = "MercadoApp.Repository", "..\MercadoApp.Repository\MercadoApp.Repository.csproj", "{AE1D3443-0EC4-469E-A79D-81D6758F2EAC}"
EndProject
Project("{FAE04EC0-301F-11D3-BF4B-00C04F79EFBC}") = "MercadoApp.Services", "..\MercadoApp.Services\MercadoApp.Services.csproj", "{14A14AEF-D108-4AA5-BB47-4E2C4AE33E66}"
EndProject
Project("{FAE04EC0-301F-11D3-BF4B-00C04F79EFBC}") = "MercadoApp.ViewModel", "..\MercadoApp.ViewModel\MercadoApp.ViewModel.csproj", "{08ED5DB8-D0CE-41FB-AE3A-491EE3B63349}"
EndProject
Global
	GlobalSection(SolutionConfigurationPlatforms) = preSolution
		Debug|Any CPU = Debug|Any CPU
		Release|Any CPU = Release|Any CPU
	EndGlobalSection
	GlobalSection(ProjectConfigurationPlatforms) = postSolution
		{BD79EA57-372B-4EEA-8923-6F626BF8781A}.Debug|Any CPU.ActiveCfg = Debug|Any CPU
		{BD79EA57-372B-4EEA-8923-6F626BF8781A}.Debug|Any CPU.Build.0 = Debug|Any CPU
		{BD79EA57-372B-4EEA-8923-6F626BF8781A}.Release|Any CPU.ActiveCfg = Release|Any CPU
		{BD79EA57-372B-4EEA-8923-6F626BF8781A}.Release|Any CPU.Build.0 = Release|Any CPU
		{1FD3354B-99F1-4C12-931C-4987E37AC78F}.Debug|Any CPU.ActiveCfg = Debug|Any CPU
		{1FD3354B-99F1-4C12-931C-4987E37AC78F}.Debug|Any CPU.Build.0 = Debug|Any CPU
		{1FD3354B-99F1-4C12-931C-4987E37AC78F}.Release|Any CPU.ActiveCfg = Release|Any CPU
		{1FD3354B-99F1-4C12-931C-4987E37AC78F}.Release|Any CPU.Build.0 = Release|Any CPU
		{AE1D3443-0EC4-469E-A79D-81D6758F2EAC}.Debug|Any CPU.ActiveCfg = Debug|Any CPU
		{AE1D3443-0EC4-469E-A79D-81D6758F2EAC}.Debug|Any CPU.Build.0 = Debug|Any CPU
		{AE1D3443-0EC4-469E-A79D-81D6758F2EAC}.Release|Any CPU.ActiveCfg = Release|Any CPU
		{AE1D3443-0EC4-469E-A79D-81D6758F2EAC}.Release|Any CPU.Build.0 = Release|Any CPU
		{14A14AEF-D108-4AA5-BB47-4E2C4AE33E66}.Debug|Any CPU.ActiveCfg = Debug|Any CPU
		{14A14AEF-D108-4AA5-BB47-4E2C4AE33E66}.Debug|Any CPU.Build.0 = Debug|Any CPU
		{14A14AEF-D108-4AA5-BB47-4E2C4AE33E66}.Release|Any CPU.ActiveCfg = Release|Any CPU
		{14A14AEF-D108-4AA5-BB47-4E2C4AE33E66}.Release|Any CPU.Build.0 = Release|Any CPU
		{08ED5DB8-D0CE-41FB-AE3A-491EE3B63349}.Debug|Any CPU.ActiveCfg = Debug|Any CPU
		{08ED5DB8-D0CE-41FB-AE3A-491EE3B63349}.Debug|Any CPU.Build.0 = Debug|Any CPU
		{08ED5DB8-D0CE-41FB-AE3A-491EE3B63349}.Release|Any CPU.ActiveCfg = Release|Any CPU
		{08ED5DB8-D0CE-41FB-AE3A-491EE3B63349}.Release|Any CPU.Build.0 = Release|Any CPU
	EndGlobalSection
	GlobalSection(SolutionProperties) = preSolution
		HideSolutionNode = FALSE
	EndGlobalSection
	GlobalSection(ExtensibilityGlobals) = postSolution
		SolutionGuid = {4F652F32-1FEE-4BD3-BB6D-ED3255189E3F}
	EndGlobalSection
EndGlobal
